
Microsoft Visual Studio Solution File, Format Version 12.00
# Visual Studio Version 16
VisualStudioVersion = 16.0.30907.101
MinimumVisualStudioVersion = 10.0.40219.1
Project("{FAE04EC0-301F-11D3-BF4B-00C04F79EFBC}") = "LedService", "LedService\LedService.csproj", "{08607519-139F-48CE-806C-2B4F29E118ED}"
EndProject
Project("{54435603-DBB4-11D2-8724-00A0C9A8B90C}") = "LedServiceSetup", "LedServiceSetup\LedServiceSetup.vdproj", "{0F0C93B8-B4AA-4AB6-8F36-94BC67C0DD7D}"
EndProject
Global
	GlobalSection(SolutionConfigurationPlatforms) = preSolution
		Debug|Any CPU = Debug|Any CPU
		Release|Any CPU = Release|Any CPU
	EndGlobalSection
	GlobalSection(ProjectConfigurationPlatforms) = postSolution
		{08607519-139F-48CE-806C-2B4F29E118ED}.Debug|Any CPU.ActiveCfg = Debug|Any CPU
		{08607519-139F-48CE-806C-2B4F29E118ED}.Debug|Any CPU.Build.0 = Debug|Any CPU
		{08607519-139F-48CE-806C-2B4F29E118ED}.Release|Any CPU.ActiveCfg = Release|Any CPU
		{08607519-139F-48CE-806C-2B4F29E118ED}.Release|Any CPU.Build.0 = Release|Any CPU
		{0F0C93B8-B4AA-4AB6-8F36-94BC67C0DD7D}.Debug|Any CPU.ActiveCfg = Debug
		{0F0C93B8-B4AA-4AB6-8F36-94BC67C0DD7D}.Release|Any CPU.ActiveCfg = Release
	EndGlobalSection
	GlobalSection(SolutionProperties) = preSolution
		HideSolutionNode = FALSE
	EndGlobalSection
	GlobalSection(ExtensibilityGlobals) = postSolution
		SolutionGuid = {6FC94717-C6F7-491A-8874-EB5BB3890B19}
	EndGlobalSection
EndGlobal
